{
  "lockfile_version": "1",
  "packages": {
    "delve@1.27.1": {
      "last_modified": "2026-09-14T07:18:56Z",
      "resolved": "github:NixOS/nixpkgs/c7def046b9a883d46974757852106483d741586f#delve",
      "source": "devbox-search",
      "version": "1.27.1",
      "systems": {
        "aarch64-darwin": {
          "outputs": [
            {
              "name": "out",
              "path": "/nix/store/8am8l7bhaz8lbz79d7ww1nzab4ps2d63-delve-1.27.1",
              "default": true
            }
          ],
          "store_path": "/nix/store/8am8l7bhaz8lbz79d7ww1nzab4ps2d63-delve-1.27.1"
        },
        "aarch64-linux": {
          "outputs": [
            {
              "name": "out",
              "path": "/nix/store/p4fcna597wvhdwx7111p3d68r9lv9kwy-delve-1.27.1",
              "default": true
            }
          ],
          "store_path": "/nix/store/p4fcna597wvhdwx7111p3d68r9lv9kwy-delve-1.27.1"
        },
        "x86_64-linux": {
          "outputs": [
            {
              "name": "out",
              "path": "/nix/store/c4a4x94k7cnk09saspjsdngjlbyzxvgg-delve-1.27.1",
              "default": true
            }
          ],
          "store_path": "/nix/store/c4a4x94k7cnk09saspjsdngjlbyzxvgg-delve-1.27.1"
        }
      }
    },
    "go@1.27.0": {
      "last_modified": "2026-09-04T02:50:00Z",
      "resolved": "github:NixOS/nixpkgs/e5ead30d0824debba629dcf0720abeddee57b7d6#go_1_27",
      "source": "devbox-search",
      "version": "1.27.0",
      "systems": {
        "aarch64-darwin": {
          "outputs": [
            {
              "name": "out",
              "path": "/nix/store/lz3qw52rpazqga73xgsqlj4qz1lgs4hg-go-1.27.0",
              "default": true
            }
          ],
          "store_path": "/nix/store/lz3qw52rpazqga73xgsqlj4qz1lgs4hg-go-1.27.0"
        },
        "aarch64-linux": {
          "outputs": [
            {
              "name": "out",
              "path": "/nix/store/zqjvg5805xkf6zsd8nrdvgbv58yw2phr-go-1.27.0",
              "default": true
            }
          ],
          "store_path": "/nix/store/zqjvg5805xkf6zsd8nrdvgbv58yw2phr-go-1.27.0"
        },
        "x86_64-linux": {
          "outputs": [
            {
              "name": "out",
              "path": "/nix/store/fibbp1k5gcpaxcin4dzk70yd056rfjhg-go-1.27.0",
              "default": true
            }
          ],
          "store_path": "/nix/store/fibbp1k5gcpaxcin4dzk70yd056rfjhg-go-1.27.0"
        }
      }
    },
    "gopls@0.23.0": {
      "last_modified": "2026-10-07T09:43:42Z",
      "resolved": "github:NixOS/nixpkgs/39ad350a0602fa0a58a544344e3e9187526ea45c#gopls",
      "source": "devbox-search",
      "version": "0.23.0",
      "systems": {
        "aarch64-darwin": {
          "outputs": [
            {
              "name": "out",
              "path": "/nix/store/xw6qjz1s06wc64g988bgnim3wc6xwmiz-gopls-0.23.0",
              "default": true
            }
          ],
          "store_path": "/nix/store/xw6qjz1s06wc64g988bgnim3wc6xwmiz-gopls-0.23.0"
        },
        "aarch64-linux": {
          "outputs": [
            {
              "name": "out",
              "path": "/nix/store/2l6b370czqhyxjfb2lzs4ga5wflm00pc-gopls-0.23.0",
              "default": true
            }
          ],
          "store_path": "/nix/store/2l6b370czqhyxjfb2lzs4ga5wflm00pc-gopls-0.23.0"
        },
        "x86_64-linux": {
          "outputs": [
            {
              "name": "out",
              "path": "/nix/store/4giw4fjj84b0gzwzcx82pwrkx3ikjwws-gopls-0.23.0",
              "default": true
            }
          ],
          "store_path": "/nix/store/4giw4fjj84b0gzwzcx82pwrkx3ikjwws-gopls-0.23.0"
        }
      }
    }
  }
}
